#
# This file is autogenerated by pip-compile with Python 3.12
# by the following command:
#
#    pip-compile --output-file=requirements.runtime.lock --strip-extras pyproject.toml
#
aiohappyeyeballs==2.7.1
    # via aiohttp
aiohttp==3.14.3
    # via google-adk
aiolimiter==1.2.1
    # via solana
aiosignal==1.4.0
    # via aiohttp
aiosqlite==0.22.1
    # via google-adk
annotated-doc==0.0.5
    # via fastapi
annotated-types==0.8.0
    # via pydantic
anyio==4.14.2
    # via
    #   google-genai
    #   httpx
    #   httpx2
    #   starlette
    #   watchfiles
attrs==26.1.0
    # via
    #   aiohttp
    #   jsonschema
    #   referencing
authlib==1.7.2
    # via google-adk
certifi==2026.7.22
    # via
    #   httpcore
    #   httpx
    #   requests
cffi==2.1.0
    # via cryptography
charset-normalizer==3.4.9
    # via requests
click==8.4.2
    # via
    #   google-adk
    #   uvicorn
colorama==0.4.6
    # via click
construct==2.10.70
    # via construct-typing
construct-typing==0.7.0
    # via solana
cryptography==50.0.0
    # via
    #   authlib
    #   google-auth
    #   joserfc
distro==1.9.0
    # via google-genai
fastapi==0.141.1
    # via
    #   agentic-checkout (pyproject.toml)
    #   google-adk
frozenlist==1.8.0
    # via
    #   aiohttp
    #   aiosignal
google-adk==2.6.1
    # via agentic-checkout (pyproject.toml)
google-auth==2.56.2
    # via
    #   google-adk
    #   google-genai
google-genai==2.16.0
    # via google-adk
graphviz==0.21
    # via google-adk
h11==0.16.0
    # via
    #   httpcore
    #   httpcore2
    #   uvicorn
h2==4.4.0
    # via httpx2
hpack==4.2.0
    # via h2
httpcore==1.0.9
    # via httpx
httpcore2==2.9.1
    # via httpx2
httptools==0.8.0
    # via uvicorn
httpx==0.28.1
    # via
    #   agentic-checkout (pyproject.toml)
    #   google-adk
    #   google-genai
httpx2==2.9.1
    # via solana
hyperframe==6.1.0
    # via h2
idna==3.18
    # via
    #   anyio
    #   httpx
    #   httpx2
    #   requests
    #   yarl
joserfc==1.7.4
    # via authlib
jsonalias==0.1.1
    # via solders
jsonschema==4.26.0
    # via google-adk
jsonschema-specifications==2025.9.1
    # via jsonschema
multidict==6.7.1
    # via
    #   aiohttp
    #   yarl
opentelemetry-api==1.42.1
    # via
    #   google-adk
    #   opentelemetry-sdk
    #   opentelemetry-semantic-conventions
opentelemetry-sdk==1.42.1
    # via google-adk
opentelemetry-semantic-conventions==0.63b1
    # via opentelemetry-sdk
packaging==26.2
    # via google-adk
pillow==12.3.0
    # via agentic-checkout (pyproject.toml)
propcache==0.5.2
    # via
    #   aiohttp
    #   yarl
pyasn1==0.6.4
    # via pyasn1-modules
pyasn1-modules==0.4.2
    # via google-auth
pycparser==3.0
    # via cffi
pydantic==2.13.4
    # via
    #   fastapi
    #   google-adk
    #   google-genai
    #   pydantic-settings
    #   solana
pydantic-core==2.46.4
    # via pydantic
pydantic-settings==2.14.2
    # via agentic-checkout (pyproject.toml)
python-dotenv==1.2.2
    # via
    #   google-adk
    #   pydantic-settings
    #   uvicorn
python-multipart==0.0.32
    # via
    #   agentic-checkout (pyproject.toml)
    #   google-adk
pyyaml==6.0.3
    # via
    #   google-adk
    #   uvicorn
referencing==0.37.0
    # via
    #   jsonschema
    #   jsonschema-specifications
requests==2.34.2
    # via
    #   google-adk
    #   google-auth
    #   google-genai
rpds-py==2026.6.3
    # via
    #   jsonschema
    #   referencing
sniffio==1.3.1
    # via google-genai
solana==0.40.1
    # via agentic-checkout (pyproject.toml)
solders==0.28.0
    # via
    #   agentic-checkout (pyproject.toml)
    #   solana
starlette==1.3.1
    # via
    #   fastapi
    #   google-adk
tenacity==9.1.4
    # via
    #   google-adk
    #   google-genai
truststore==0.10.4
    # via
    #   httpcore2
    #   httpx2
typing-extensions==4.16.0
    # via
    #   aiohttp
    #   aiosignal
    #   anyio
    #   construct-typing
    #   fastapi
    #   google-adk
    #   google-genai
    #   httpx2
    #   opentelemetry-api
    #   opentelemetry-sdk
    #   opentelemetry-semantic-conventions
    #   pydantic
    #   pydantic-core
    #   referencing
    #   solders
    #   starlette
    #   typing-inspection
typing-inspection==0.4.2
    # via
    #   fastapi
    #   pydantic
    #   pydantic-settings
tzdata==2026.3
    # via tzlocal
tzlocal==5.4.4
    # via google-adk
urllib3==2.7.0
    # via requests
uvicorn==0.52.0
    # via
    #   agentic-checkout (pyproject.toml)
    #   google-adk
watchdog==6.0.0
    # via google-adk
watchfiles==1.2.0
    # via uvicorn
websockets==15.0.1
    # via
    #   google-adk
    #   google-genai
    #   solana
    #   uvicorn
yarl==1.24.5
    # via aiohttp
zxing-cpp==3.1.1
    # via agentic-checkout (pyproject.toml)
